
Microsoft Visual Studio Solution File, Format Version 11.00
# Visual Studio 2010
Project("{FAE04EC0-301F-11D3-BF4B-00C04F79EFBC}") = "DashBoard", "DashBoard\DashBoard.csproj", "{D0407C0E-3FD9-4E3D-824C-13636570C7BE}"
EndProject
Project("{FAE04EC0-301F-11D3-BF4B-00C04F79EFBC}") = "Modelo", "Modelo\Modelo.csproj", "{2C4BDD52-470C-4D0E-B007-E72E8453248D}"
EndProject
Global
	GlobalSection(SolutionConfigurationPlatforms) = preSolution
		Debug|Any CPU = Debug|Any CPU
		Release|Any CPU = Release|Any CPU
		Release1|Any CPU = Release1|Any CPU
	EndGlobalSection
	GlobalSection(ProjectConfigurationPlatforms) = postSolution
		{D0407C0E-3FD9-4E3D-824C-13636570C7BE}.Debug|Any CPU.ActiveCfg = Debug|Any CPU
		{D0407C0E-3FD9-4E3D-824C-13636570C7BE}.Debug|Any CPU.Build.0 = Debug|Any CPU
		{D0407C0E-3FD9-4E3D-824C-13636570C7BE}.Release|Any CPU.ActiveCfg = Release|Any CPU
		{D0407C0E-3FD9-4E3D-824C-13636570C7BE}.Release|Any CPU.Build.0 = Release|Any CPU
		{D0407C0E-3FD9-4E3D-824C-13636570C7BE}.Release1|Any CPU.ActiveCfg = Release|Any CPU
		{D0407C0E-3FD9-4E3D-824C-13636570C7BE}.Release1|Any CPU.Build.0 = Release|Any CPU
		{2C4BDD52-470C-4D0E-B007-E72E8453248D}.Debug|Any CPU.ActiveCfg = Debug|Any CPU
		{2C4BDD52-470C-4D0E-B007-E72E8453248D}.Debug|Any CPU.Build.0 = Debug|Any CPU
		{2C4BDD52-470C-4D0E-B007-E72E8453248D}.Release|Any CPU.ActiveCfg = Release|Any CPU
		{2C4BDD52-470C-4D0E-B007-E72E8453248D}.Release|Any CPU.Build.0 = Release|Any CPU
		{2C4BDD52-470C-4D0E-B007-E72E8453248D}.Release1|Any CPU.ActiveCfg = Release|Any CPU
		{2C4BDD52-470C-4D0E-B007-E72E8453248D}.Release1|Any CPU.Build.0 = Release|Any CPU
	EndGlobalSection
	GlobalSection(SolutionProperties) = preSolution
		HideSolutionNode = FALSE
	EndGlobalSection
EndGlobal
